
Microsoft Visual Studio Solution File, Format Version 11.00
# Visual Studio 2010
Project("{FAE04EC0-301F-11D3-BF4B-00C04F79EFBC}") = "NewHelloWorld", "Assembly-CSharp.csproj", "{62DB5FC5-351A-2265-EA28-B878A3E3A2F7}"
EndProject
Project("{FAE04EC0-301F-11D3-BF4B-00C04F79EFBC}") = "NewHelloWorld", "Assembly-CSharp-Editor.csproj", "{A529A14D-3E9B-1E57-13CD-15C3656EC0D1}"
EndProject
Global
	GlobalSection(SolutionConfigurationPlatforms) = preSolution
		Debug|Any CPU = Debug|Any CPU
		Release|Any CPU = Release|Any CPU
	EndGlobalSection
	GlobalSection(ProjectConfigurationPlatforms) = postSolution
		{62DB5FC5-351A-2265-EA28-B878A3E3A2F7}.Debug|Any CPU.ActiveCfg = Debug|Any CPU
		{62DB5FC5-351A-2265-EA28-B878A3E3A2F7}.Debug|Any CPU.Build.0 = Debug|Any CPU
		{62DB5FC5-351A-2265-EA28-B878A3E3A2F7}.Release|Any CPU.ActiveCfg = Release|Any CPU
		{62DB5FC5-351A-2265-EA28-B878A3E3A2F7}.Release|Any CPU.Build.0 = Release|Any CPU
		{A529A14D-3E9B-1E57-13CD-15C3656EC0D1}.Debug|Any CPU.ActiveCfg = Debug|Any CPU
		{A529A14D-3E9B-1E57-13CD-15C3656EC0D1}.Debug|Any CPU.Build.0 = Debug|Any CPU
		{A529A14D-3E9B-1E57-13CD-15C3656EC0D1}.Release|Any CPU.ActiveCfg = Release|Any CPU
		{A529A14D-3E9B-1E57-13CD-15C3656EC0D1}.Release|Any CPU.Build.0 = Release|Any CPU
	EndGlobalSection
	GlobalSection(SolutionProperties) = preSolution
		HideSolutionNode = FALSE
	EndGlobalSection
	GlobalSection(MonoDevelopProperties) = preSolution
		StartupItem = Assembly-CSharp.csproj
	EndGlobalSection
EndGlobal
